#MicroXplorer Configuration settings - do not modify
CORTEX_M7.CPU_DCache=Enabled
CORTEX_M7.CPU_ICache=Enabled
CORTEX_M7.IPParameters=CPU_ICache,CPU_DCache
Dma.CRYP_IN.9.Direction=DMA_MEMORY_TO_PERIPH
Dma.CRYP_IN.9.EventEnable=DISABLE
Dma.CRYP_IN.9.FIFOMode=DMA_FIFOMODE_DISABLE
Dma.CRYP_IN.9.Instance=DMA2_Stream1
Dma.CRYP_IN.9.MemDataAlignment=DMA_MDATAALIGN_BYTE
Dma.CRYP_IN.9.MemInc=DMA_MINC_ENABLE
Dma.CRYP_IN.9.Mode=DMA_NORMAL
Dma.CRYP_IN.9.PeriphDataAlignment=DMA_PDATAALIGN_BYTE
Dma.CRYP_IN.9.PeriphInc=DMA_PINC_DISABLE
Dma.CRYP_IN.9.Polarity=HAL_DMAMUX_REQ_GEN_RISING
Dma.CRYP_IN.9.Priority=DMA_PRIORITY_LOW
Dma.CRYP_IN.9.RequestNumber=1
Dma.CRYP_IN.9.RequestParameters=Instance,Direction,PeriphInc,MemInc,PeriphDataAlignment,MemDataAlignment,Mode,Priority,FIFOMode,SignalID,Polarity,RequestNumber,SyncSignalID,SyncPolarity,SyncEnable,EventEnable,SyncRequestNumber
Dma.CRYP_IN.9.SignalID=HAL_DMAMUX1_REQ_GEN_EXTI0
Dma.CRYP_IN.9.SyncEnable=DISABLE
Dma.CRYP_IN.9.SyncPolarity=HAL_DMAMUX_SYNC_NO_EVENT
Dma.CRYP_IN.9.SyncRequestNumber=1
Dma.CRYP_IN.9.SyncSignalID=HAL_DMAMUX1_SYNC_EXTI0
Dma.CRYP_OUT.10.Direction=DMA_PERIPH_TO_MEMORY
Dma.CRYP_OUT.10.EventEnable=DISABLE
Dma.CRYP_OUT.10.FIFOMode=DMA_FIFOMODE_DISABLE
Dma.CRYP_OUT.10.Instance=DMA2_Stream2
Dma.CRYP_OUT.10.MemDataAlignment=DMA_MDATAALIGN_BYTE
Dma.CRYP_OUT.10.MemInc=DMA_MINC_ENABLE
Dma.CRYP_OUT.10.Mode=DMA_NORMAL
Dma.CRYP_OUT.10.PeriphDataAlignment=DMA_PDATAALIGN_BYTE
Dma.CRYP_OUT.10.PeriphInc=DMA_PINC_DISABLE
Dma.CRYP_OUT.10.Polarity=HAL_DMAMUX_REQ_GEN_RISING
Dma.CRYP_OUT.10.Priority=DMA_PRIORITY_LOW
Dma.CRYP_OUT.10.RequestNumber=1
Dma.CRYP_OUT.10.RequestParameters=Instance,Direction,PeriphInc,MemInc,PeriphDataAlignment,MemDataAlignment,Mode,Priority,FIFOMode,SignalID,Polarity,RequestNumber,SyncSignalID,SyncPolarity,SyncEnable,EventEnable,SyncRequestNumber
Dma.CRYP_OUT.10.SignalID=HAL_DMAMUX1_REQ_GEN_EXTI0
Dma.CRYP_OUT.10.SyncEnable=DISABLE
Dma.CRYP_OUT.10.SyncPolarity=HAL_DMAMUX_SYNC_NO_EVENT
Dma.CRYP_OUT.10.SyncRequestNumber=1
Dma.CRYP_OUT.10.SyncSignalID=HAL_DMAMUX1_SYNC_EXTI0
Dma.HASH_IN.11.Direction=DMA_MEMORY_TO_PERIPH
Dma.HASH_IN.11.EventEnable=DISABLE
Dma.HASH_IN.11.FIFOMode=DMA_FIFOMODE_DISABLE
Dma.HASH_IN.11.Instance=DMA2_Stream3
Dma.HASH_IN.11.MemDataAlignment=DMA_MDATAALIGN_BYTE
Dma.HASH_IN.11.MemInc=DMA_MINC_ENABLE
Dma.HASH_IN.11.Mode=DMA_NORMAL
Dma.HASH_IN.11.PeriphDataAlignment=DMA_PDATAALIGN_BYTE
Dma.HASH_IN.11.PeriphInc=DMA_PINC_DISABLE
Dma.HASH_IN.11.Polarity=HAL_DMAMUX_REQ_GEN_RISING
Dma.HASH_IN.11.Priority=DMA_PRIORITY_LOW
Dma.HASH_IN.11.RequestNumber=1
Dma.HASH_IN.11.RequestParameters=Instance,Direction,PeriphInc,MemInc,PeriphDataAlignment,MemDataAlignment,Mode,Priority,FIFOMode,SignalID,Polarity,RequestNumber,SyncSignalID,SyncPolarity,SyncEnable,EventEnable,SyncRequestNumber
Dma.HASH_IN.11.SignalID=HAL_DMAMUX1_REQ_GEN_EXTI0
Dma.HASH_IN.11.SyncEnable=DISABLE
Dma.HASH_IN.11.SyncPolarity=HAL_DMAMUX_SYNC_NO_EVENT
Dma.HASH_IN.11.SyncRequestNumber=1
Dma.HASH_IN.11.SyncSignalID=HAL_DMAMUX1_SYNC_EXTI0
Dma.MEMTOMEM.8.Direction=DMA_MEMORY_TO_MEMORY
Dma.MEMTOMEM.8.EventEnable=DISABLE
Dma.MEMTOMEM.8.FIFOMode=DMA_FIFOMODE_ENABLE
Dma.MEMTOMEM.8.FIFOThreshold=DMA_FIFO_THRESHOLD_FULL
Dma.MEMTOMEM.8.Instance=DMA2_Stream0
Dma.MEMTOMEM.8.MemBurst=DMA_MBURST_SINGLE
Dma.MEMTOMEM.8.MemDataAlignment=DMA_MDATAALIGN_BYTE
Dma.MEMTOMEM.8.MemInc=DMA_MINC_ENABLE
Dma.MEMTOMEM.8.Mode=DMA_NORMAL
Dma.MEMTOMEM.8.PeriphBurst=DMA_PBURST_SINGLE
Dma.MEMTOMEM.8.PeriphDataAlignment=DMA_PDATAALIGN_BYTE
Dma.MEMTOMEM.8.PeriphInc=DMA_PINC_ENABLE
Dma.MEMTOMEM.8.Polarity=HAL_DMAMUX_REQ_GEN_RISING
Dma.MEMTOMEM.8.Priority=DMA_PRIORITY_LOW
Dma.MEMTOMEM.8.RequestNumber=1
Dma.MEMTOMEM.8.RequestParameters=Instance,Direction,PeriphInc,MemInc,PeriphDataAlignment,MemDataAlignment,Mode,Priority,FIFOMode,FIFOThreshold,MemBurst,PeriphBurst,SignalID,Polarity,RequestNumber,SyncSignalID,SyncPolarity,SyncEnable,EventEnable,SyncRequestNumber
Dma.MEMTOMEM.8.SignalID=HAL_DMAMUX1_REQ_GEN_EXTI0
Dma.MEMTOMEM.8.SyncEnable=DISABLE
Dma.MEMTOMEM.8.SyncPolarity=HAL_DMAMUX_SYNC_NO_EVENT
Dma.MEMTOMEM.8.SyncRequestNumber=1
Dma.MEMTOMEM.8.SyncSignalID=HAL_DMAMUX1_SYNC_EXTI0
Dma.Request0=SPI1_TX
Dma.Request1=SPI1_RX
Dma.Request10=CRYP_OUT
Dma.Request11=HASH_IN
Dma.Request2=SPI4_RX
Dma.Request3=SPI4_TX
Dma.Request4=UART7_RX
Dma.Request5=UART7_TX
Dma.Request6=USART2_RX
Dma.Request7=USART2_TX
Dma.Request8=MEMTOMEM
Dma.Request9=CRYP_IN
Dma.RequestsNb=12
Dma.SPI1_RX.1.Direction=DMA_PERIPH_TO_MEMORY
Dma.SPI1_RX.1.EventEnable=DISABLE
Dma.SPI1_RX.1.FIFOMode=DMA_FIFOMODE_DISABLE
Dma.SPI1_RX.1.Instance=DMA1_Stream1
Dma.SPI1_RX.1.MemDataAlignment=DMA_MDATAALIGN_BYTE
Dma.SPI1_RX.1.MemInc=DMA_MINC_ENABLE
Dma.SPI1_RX.1.Mode=DMA_NORMAL
Dma.SPI1_RX.1.PeriphDataAlignment=DMA_PDATAALIGN_BYTE
Dma.SPI1_RX.1.PeriphInc=DMA_PINC_DISABLE
Dma.SPI1_RX.1.Polarity=HAL_DMAMUX_REQ_GEN_RISING
Dma.SPI1_RX.1.Priority=DMA_PRIORITY_LOW
Dma.SPI1_RX.1.RequestNumber=1
Dma.SPI1_RX.1.RequestParameters=Instance,Direction,PeriphInc,MemInc,PeriphDataAlignment,MemDataAlignment,Mode,Priority,FIFOMode,SignalID,Polarity,RequestNumber,SyncSignalID,SyncPolarity,SyncEnable,EventEnable,SyncRequestNumber
Dma.SPI1_RX.1.SignalID=HAL_DMAMUX1_REQ_GEN_EXTI0
Dma.SPI1_RX.1.SyncEnable=DISABLE
Dma.SPI1_RX.1.SyncPolarity=HAL_DMAMUX_SYNC_NO_EVENT
Dma.SPI1_RX.1.SyncRequestNumber=1
Dma.SPI1_RX.1.SyncSignalID=NONE
Dma.SPI1_TX.0.Direction=DMA_MEMORY_TO_PERIPH
Dma.SPI1_TX.0.EventEnable=DISABLE
Dma.SPI1_TX.0.FIFOMode=DMA_FIFOMODE_DISABLE
Dma.SPI1_TX.0.Instance=DMA1_Stream0
Dma.SPI1_TX.0.MemDataAlignment=DMA_MDATAALIGN_BYTE
Dma.SPI1_TX.0.MemInc=DMA_MINC_ENABLE
Dma.SPI1_TX.0.Mode=DMA_NORMAL
Dma.SPI1_TX.0.PeriphDataAlignment=DMA_PDATAALIGN_BYTE
Dma.SPI1_TX.0.PeriphInc=DMA_PINC_DISABLE
Dma.SPI1_TX.0.Polarity=HAL_DMAMUX_REQ_GEN_RISING
Dma.SPI1_TX.0.Priority=DMA_PRIORITY_LOW
Dma.SPI1_TX.0.RequestNumber=1
Dma.SPI1_TX.0.RequestParameters=Instance,Direction,PeriphInc,MemInc,PeriphDataAlignment,MemDataAlignment,Mode,Priority,FIFOMode,SignalID,Polarity,RequestNumber,SyncSignalID,SyncPolarity,SyncEnable,EventEnable,SyncRequestNumber
Dma.SPI1_TX.0.SignalID=HAL_DMAMUX1_REQ_GEN_EXTI0
Dma.SPI1_TX.0.SyncEnable=DISABLE
Dma.SPI1_TX.0.SyncPolarity=HAL_DMAMUX_SYNC_NO_EVENT
Dma.SPI1_TX.0.SyncRequestNumber=1
Dma.SPI1_TX.0.SyncSignalID=NONE
Dma.SPI4_RX.2.Direction=DMA_PERIPH_TO_MEMORY
Dma.SPI4_RX.2.EventEnable=DISABLE
Dma.SPI4_RX.2.FIFOMode=DMA_FIFOMODE_DISABLE
Dma.SPI4_RX.2.Instance=DMA1_Stream2
Dma.SPI4_RX.2.MemDataAlignment=DMA_MDATAALIGN_BYTE
Dma.SPI4_RX.2.MemInc=DMA_MINC_ENABLE
Dma.SPI4_RX.2.Mode=DMA_NORMAL
Dma.SPI4_RX.2.PeriphDataAlignment=DMA_PDATAALIGN_BYTE
Dma.SPI4_RX.2.PeriphInc=DMA_PINC_DISABLE
Dma.SPI4_RX.2.Polarity=HAL_DMAMUX_REQ_GEN_RISING
Dma.SPI4_RX.2.Priority=DMA_PRIORITY_LOW
Dma.SPI4_RX.2.RequestNumber=1
Dma.SPI4_RX.2.RequestParameters=Instance,Direction,PeriphInc,MemInc,PeriphDataAlignment,MemDataAlignment,Mode,Priority,FIFOMode,SignalID,Polarity,RequestNumber,SyncSignalID,SyncPolarity,SyncEnable,EventEnable,SyncRequestNumber
Dma.SPI4_RX.2.SignalID=HAL_DMAMUX1_REQ_GEN_EXTI0
Dma.SPI4_RX.2.SyncEnable=DISABLE
Dma.SPI4_RX.2.SyncPolarity=HAL_DMAMUX_SYNC_NO_EVENT
Dma.SPI4_RX.2.SyncRequestNumber=1
Dma.SPI4_RX.2.SyncSignalID=NONE
Dma.SPI4_TX.3.Direction=DMA_MEMORY_TO_PERIPH
Dma.SPI4_TX.3.EventEnable=DISABLE
Dma.SPI4_TX.3.FIFOMode=DMA_FIFOMODE_DISABLE
Dma.SPI4_TX.3.Instance=DMA1_Stream3
Dma.SPI4_TX.3.MemDataAlignment=DMA_MDATAALIGN_BYTE
Dma.SPI4_TX.3.MemInc=DMA_MINC_ENABLE
Dma.SPI4_TX.3.Mode=DMA_NORMAL
Dma.SPI4_TX.3.PeriphDataAlignment=DMA_PDATAALIGN_BYTE
Dma.SPI4_TX.3.PeriphInc=DMA_PINC_DISABLE
Dma.SPI4_TX.3.Polarity=HAL_DMAMUX_REQ_GEN_RISING
Dma.SPI4_TX.3.Priority=DMA_PRIORITY_LOW
Dma.SPI4_TX.3.RequestNumber=1
Dma.SPI4_TX.3.RequestParameters=Instance,Direction,PeriphInc,MemInc,PeriphDataAlignment,MemDataAlignment,Mode,Priority,FIFOMode,SignalID,Polarity,RequestNumber,SyncSignalID,SyncPolarity,SyncEnable,EventEnable,SyncRequestNumber
Dma.SPI4_TX.3.SignalID=HAL_DMAMUX1_REQ_GEN_EXTI0
Dma.SPI4_TX.3.SyncEnable=DISABLE
Dma.SPI4_TX.3.SyncPolarity=HAL_DMAMUX_SYNC_NO_EVENT
Dma.SPI4_TX.3.SyncRequestNumber=1
Dma.SPI4_TX.3.SyncSignalID=NONE
Dma.UART7_RX.4.Direction=DMA_PERIPH_TO_MEMORY
Dma.UART7_RX.4.EventEnable=DISABLE
Dma.UART7_RX.4.FIFOMode=DMA_FIFOMODE_DISABLE
Dma.UART7_RX.4.Instance=DMA1_Stream4
Dma.UART7_RX.4.MemDataAlignment=DMA_MDATAALIGN_BYTE
Dma.UART7_RX.4.MemInc=DMA_MINC_ENABLE
Dma.UART7_RX.4.Mode=DMA_NORMAL
Dma.UART7_RX.4.PeriphDataAlignment=DMA_PDATAALIGN_BYTE
Dma.UART7_RX.4.PeriphInc=DMA_PINC_DISABLE
Dma.UART7_RX.4.Polarity=HAL_DMAMUX_REQ_GEN_RISING
Dma.UART7_RX.4.Priority=DMA_PRIORITY_LOW
Dma.UART7_RX.4.RequestNumber=1
Dma.UART7_RX.4.RequestParameters=Instance,Direction,PeriphInc,MemInc,PeriphDataAlignment,MemDataAlignment,Mode,Priority,FIFOMode,SignalID,Polarity,RequestNumber,SyncSignalID,SyncPolarity,SyncEnable,EventEnable,SyncRequestNumber
Dma.UART7_RX.4.SignalID=HAL_DMAMUX1_REQ_GEN_EXTI0
Dma.UART7_RX.4.SyncEnable=DISABLE
Dma.UART7_RX.4.SyncPolarity=HAL_DMAMUX_SYNC_NO_EVENT
Dma.UART7_RX.4.SyncRequestNumber=1
Dma.UART7_RX.4.SyncSignalID=HAL_DMAMUX1_SYNC_EXTI0
Dma.UART7_TX.5.Direction=DMA_MEMORY_TO_PERIPH
Dma.UART7_TX.5.EventEnable=DISABLE
Dma.UART7_TX.5.FIFOMode=DMA_FIFOMODE_DISABLE
Dma.UART7_TX.5.Instance=DMA1_Stream5
Dma.UART7_TX.5.MemDataAlignment=DMA_MDATAALIGN_BYTE
Dma.UART7_TX.5.MemInc=DMA_MINC_ENABLE
Dma.UART7_TX.5.Mode=DMA_NORMAL
Dma.UART7_TX.5.PeriphDataAlignment=DMA_PDATAALIGN_BYTE
Dma.UART7_TX.5.PeriphInc=DMA_PINC_DISABLE
Dma.UART7_TX.5.Polarity=HAL_DMAMUX_REQ_GEN_RISING
Dma.UART7_TX.5.Priority=DMA_PRIORITY_LOW
Dma.UART7_TX.5.RequestNumber=1
Dma.UART7_TX.5.RequestParameters=Instance,Direction,PeriphInc,MemInc,PeriphDataAlignment,MemDataAlignment,Mode,Priority,FIFOMode,SignalID,Polarity,RequestNumber,SyncSignalID,SyncPolarity,SyncEnable,EventEnable,SyncRequestNumber
Dma.UART7_TX.5.SignalID=HAL_DMAMUX1_REQ_GEN_EXTI0
Dma.UART7_TX.5.SyncEnable=DISABLE
Dma.UART7_TX.5.SyncPolarity=HAL_DMAMUX_SYNC_NO_EVENT
Dma.UART7_TX.5.SyncRequestNumber=1
Dma.UART7_TX.5.SyncSignalID=HAL_DMAMUX1_SYNC_EXTI0
Dma.USART2_RX.6.Direction=DMA_PERIPH_TO_MEMORY
Dma.USART2_RX.6.EventEnable=DISABLE
Dma.USART2_RX.6.FIFOMode=DMA_FIFOMODE_DISABLE
Dma.USART2_RX.6.Instance=DMA1_Stream6
Dma.USART2_RX.6.MemDataAlignment=DMA_MDATAALIGN_BYTE
Dma.USART2_RX.6.MemInc=DMA_MINC_ENABLE
Dma.USART2_RX.6.Mode=DMA_NORMAL
Dma.USART2_RX.6.PeriphDataAlignment=DMA_PDATAALIGN_BYTE
Dma.USART2_RX.6.PeriphInc=DMA_PINC_DISABLE
Dma.USART2_RX.6.Polarity=HAL_DMAMUX_REQ_GEN_RISING
Dma.USART2_RX.6.Priority=DMA_PRIORITY_LOW
Dma.USART2_RX.6.RequestNumber=1
Dma.USART2_RX.6.RequestParameters=Instance,Direction,PeriphInc,MemInc,PeriphDataAlignment,MemDataAlignment,Mode,Priority,FIFOMode,SignalID,Polarity,RequestNumber,SyncSignalID,SyncPolarity,SyncEnable,EventEnable,SyncRequestNumber
Dma.USART2_RX.6.SignalID=HAL_DMAMUX1_REQ_GEN_EXTI0
Dma.USART2_RX.6.SyncEnable=DISABLE
Dma.USART2_RX.6.SyncPolarity=HAL_DMAMUX_SYNC_NO_EVENT
Dma.USART2_RX.6.SyncRequestNumber=1
Dma.USART2_RX.6.SyncSignalID=HAL_DMAMUX1_SYNC_EXTI0
Dma.USART2_TX.7.Direction=DMA_MEMORY_TO_PERIPH
Dma.USART2_TX.7.EventEnable=DISABLE
Dma.USART2_TX.7.FIFOMode=DMA_FIFOMODE_DISABLE
Dma.USART2_TX.7.Instance=DMA1_Stream7
Dma.USART2_TX.7.MemDataAlignment=DMA_MDATAALIGN_BYTE
Dma.USART2_TX.7.MemInc=DMA_MINC_ENABLE
Dma.USART2_TX.7.Mode=DMA_NORMAL
Dma.USART2_TX.7.PeriphDataAlignment=DMA_PDATAALIGN_BYTE
Dma.USART2_TX.7.PeriphInc=DMA_PINC_DISABLE
Dma.USART2_TX.7.Polarity=HAL_DMAMUX_REQ_GEN_RISING
Dma.USART2_TX.7.Priority=DMA_PRIORITY_LOW
Dma.USART2_TX.7.RequestNumber=1
Dma.USART2_TX.7.RequestParameters=Instance,Direction,PeriphInc,MemInc,PeriphDataAlignment,MemDataAlignment,Mode,Priority,FIFOMode,SignalID,Polarity,RequestNumber,SyncSignalID,SyncPolarity,SyncEnable,EventEnable,SyncRequestNumber
Dma.USART2_TX.7.SignalID=HAL_DMAMUX1_REQ_GEN_EXTI0
Dma.USART2_TX.7.SyncEnable=DISABLE
Dma.USART2_TX.7.SyncPolarity=HAL_DMAMUX_SYNC_NO_EVENT
Dma.USART2_TX.7.SyncRequestNumber=1
Dma.USART2_TX.7.SyncSignalID=HAL_DMAMUX1_SYNC_EXTI0
ETH.IPParameters=MediaInterface,MACAddr
ETH.MACAddr=00\:80\:E1\:00\:00\:02
ETH.MediaInterface=HAL_ETH_RMII_MODE
FATFS.IPParameters=_USE_FIND,_USE_CHMOD,_USE_LABEL
FATFS._USE_CHMOD=1
FATFS._USE_FIND=1
FATFS._USE_LABEL=1
File.Version=6
I2C4.IPParameters=Timing,Timeout
I2C4.Timeout=0x000084C4
I2C4.Timing=0x10C0ECFF
IWDG1.IPParameters=Prescaler
IWDG1.Prescaler=IWDG_PRESCALER_256
KeepUserPlacement=false
LWIP.BSP.number=1
LWIP.Version=v2.0.3_Cube
LWIP0.BSP.STBoard=false
LWIP0.BSP.api=BSP_COMPONENT_DRIVER
LWIP0.BSP.component=LAN8742
LWIP0.BSP.condition=
LWIP0.BSP.i2caddr=0
LWIP0.BSP.i2creg=
LWIP0.BSP.instance=LAN8742
LWIP0.BSP.ip=
LWIP0.BSP.mode=
LWIP0.BSP.name=Driver_PHY
LWIP0.BSP.semaphore=
LWIP0.BSP.solution=LAN8742
Mcu.Family=STM32H7
Mcu.IP0=CORTEX_M7
Mcu.IP1=CRC
Mcu.IP10=IWDG1
Mcu.IP11=LWIP
Mcu.IP12=NVIC
Mcu.IP13=QUADSPI
Mcu.IP14=RCC
Mcu.IP15=RNG
Mcu.IP16=RTC
Mcu.IP17=SDMMC1
Mcu.IP18=SPI1
Mcu.IP19=SPI4
Mcu.IP2=CRYP
Mcu.IP20=SYS
Mcu.IP21=TIM1
Mcu.IP22=TIM2
Mcu.IP23=TIM3
Mcu.IP24=TIM4
Mcu.IP25=TIM5
Mcu.IP26=TIM6
Mcu.IP27=TIM7
Mcu.IP28=TIM8
Mcu.IP29=TIM12
Mcu.IP3=DMA
Mcu.IP30=TIM13
Mcu.IP31=TIM14
Mcu.IP32=TIM15
Mcu.IP33=TIM16
Mcu.IP34=TIM17
Mcu.IP35=UART7
Mcu.IP36=USART2
Mcu.IP37=USB_HOST
Mcu.IP38=USB_OTG_HS
Mcu.IP4=ETH
Mcu.IP5=FATFS
Mcu.IP6=FDCAN1
Mcu.IP7=FDCAN2
Mcu.IP8=HASH
Mcu.IP9=I2C4
Mcu.IPNb=39
Mcu.Name=STM32H753VITx
Mcu.Package=LQFP100
Mcu.Pin0=PE2
Mcu.Pin1=PE3
Mcu.Pin10=PA1
Mcu.Pin11=PA2
Mcu.Pin12=PA3
Mcu.Pin13=PA4
Mcu.Pin14=PA5
Mcu.Pin15=PA6
Mcu.Pin16=PA7
Mcu.Pin17=PC4
Mcu.Pin18=PC5
Mcu.Pin19=PB2
Mcu.Pin2=PE4
Mcu.Pin20=PE7
Mcu.Pin21=PE8
Mcu.Pin22=PE9
Mcu.Pin23=PE11
Mcu.Pin24=PE12
Mcu.Pin25=PE13
Mcu.Pin26=PE14
Mcu.Pin27=PB10
Mcu.Pin28=PB11
Mcu.Pin29=PB12
Mcu.Pin3=PE5
Mcu.Pin30=PB13
Mcu.Pin31=PB14
Mcu.Pin32=PB15
Mcu.Pin33=PD8
Mcu.Pin34=PD9
Mcu.Pin35=PD10
Mcu.Pin36=PD11
Mcu.Pin37=PD12
Mcu.Pin38=PD13
Mcu.Pin39=PD14
Mcu.Pin4=PE6
Mcu.Pin40=PD15
Mcu.Pin41=PC6
Mcu.Pin42=PC7
Mcu.Pin43=PC8
Mcu.Pin44=PC9
Mcu.Pin45=PA8
Mcu.Pin46=PA9
Mcu.Pin47=PA10
Mcu.Pin48=PA11
Mcu.Pin49=PA12
Mcu.Pin5=PH0-OSC_IN (PH0)
Mcu.Pin50=PA13 (JTMS/SWDIO)
Mcu.Pin51=PA14 (JTCK/SWCLK)
Mcu.Pin52=PA15 (JTDI)
Mcu.Pin53=PC10
Mcu.Pin54=PC11
Mcu.Pin55=PC12
Mcu.Pin56=PD0
Mcu.Pin57=PD1
Mcu.Pin58=PD2
Mcu.Pin59=PD3
Mcu.Pin6=PH1-OSC_OUT (PH1)
Mcu.Pin60=PD4
Mcu.Pin61=PD5
Mcu.Pin62=PD6
Mcu.Pin63=PD7
Mcu.Pin64=PB3 (JTDO/TRACESWO)
Mcu.Pin65=PB4 (NJTRST)
Mcu.Pin66=PB5
Mcu.Pin67=PB6
Mcu.Pin68=PB7
Mcu.Pin69=PB8
Mcu.Pin7=PC0
Mcu.Pin70=PB9
Mcu.Pin71=PE0
Mcu.Pin72=PE1
Mcu.Pin73=VP_CRC_VS_CRC
Mcu.Pin74=VP_CRYP_VS_CRYP
Mcu.Pin75=VP_FATFS_VS_SDIO
Mcu.Pin76=VP_HASH_VS_HASH
Mcu.Pin77=VP_IWDG1_VS_IWDG
Mcu.Pin78=VP_LWIP_VS_Enabled
Mcu.Pin79=VP_RNG_VS_RNG
Mcu.Pin8=PC1
Mcu.Pin80=VP_RTC_VS_RTC_Activate
Mcu.Pin81=VP_SYS_VS_Systick
Mcu.Pin82=VP_TIM1_VS_ClockSourceINT
Mcu.Pin83=VP_TIM2_VS_ClockSourceINT
Mcu.Pin84=VP_TIM3_VS_ClockSourceINT
Mcu.Pin85=VP_TIM4_VS_ClockSourceINT
Mcu.Pin86=VP_TIM5_VS_ClockSourceINT
Mcu.Pin87=VP_TIM6_VS_ClockSourceINT
Mcu.Pin88=VP_TIM7_VS_ClockSourceINT
Mcu.Pin89=VP_TIM8_VS_ClockSourceINT
Mcu.Pin9=PA0
Mcu.Pin90=VP_TIM12_VS_ClockSourceINT
Mcu.Pin91=VP_TIM13_VS_ClockSourceINT
Mcu.Pin92=VP_TIM14_VS_ClockSourceINT
Mcu.Pin93=VP_TIM15_VS_ClockSourceINT
Mcu.Pin94=VP_TIM16_VS_ClockSourceINT
Mcu.Pin95=VP_TIM17_VS_ClockSourceINT
Mcu.Pin96=VP_USB_HOST_VS_USB_HOST_ALL_CLASS_HS
Mcu.PinsNb=97
Mcu.ThirdPartyNb=0
Mcu.UserConstants=
Mcu.UserName=STM32H753VITx
MxCube.Version=5.1.0
MxDb.Version=DB.5.0.10
NVIC.BusFault_IRQn=true\:0\:0\:false\:false\:true\:false\:false
NVIC.CRYP_IRQn=true\:0\:0\:false\:false\:true\:true\:true
NVIC.DMA1_Stream0_IRQn=true\:0\:0\:false\:false\:true\:false\:true
NVIC.DMA1_Stream1_IRQn=true\:0\:0\:false\:false\:true\:false\:true
NVIC.DMA1_Stream2_IRQn=true\:0\:0\:false\:false\:true\:false\:true
NVIC.DMA1_Stream3_IRQn=true\:0\:0\:false\:false\:true\:false\:true
NVIC.DMA1_Stream4_IRQn=true\:0\:0\:false\:false\:true\:false\:true
NVIC.DMA1_Stream5_IRQn=true\:0\:0\:false\:false\:true\:false\:true
NVIC.DMA1_Stream6_IRQn=true\:0\:0\:false\:false\:true\:false\:true
NVIC.DMA1_Stream7_IRQn=true\:0\:0\:false\:false\:true\:false\:true
NVIC.DMA2_Stream0_IRQn=true\:0\:0\:false\:false\:true\:true\:true
NVIC.DMA2_Stream1_IRQn=true\:0\:0\:false\:false\:true\:false\:true
NVIC.DMA2_Stream2_IRQn=true\:0\:0\:false\:false\:true\:false\:true
NVIC.DMA2_Stream3_IRQn=true\:0\:0\:false\:false\:true\:false\:true
NVIC.DebugMonitor_IRQn=true\:0\:0\:false\:false\:true\:false\:false
NVIC.ETH_IRQn=true\:0\:0\:false\:false\:true\:true\:true
NVIC.ETH_WKUP_IRQn=true\:0\:0\:false\:false\:true\:true\:true
NVIC.EXTI0_IRQn=true\:0\:0\:false\:false\:true\:true\:true
NVIC.EXTI3_IRQn=true\:0\:0\:false\:false\:true\:true\:true
NVIC.EXTI9_5_IRQn=true\:0\:0\:false\:false\:true\:true\:true
NVIC.FDCAN1_IT0_IRQn=true\:0\:0\:false\:false\:true\:true\:true
NVIC.FDCAN1_IT1_IRQn=true\:0\:0\:false\:false\:true\:true\:true
NVIC.FDCAN2_IT0_IRQn=true\:0\:0\:false\:false\:true\:true\:true
NVIC.FDCAN2_IT1_IRQn=true\:0\:0\:false\:false\:true\:true\:true
NVIC.FDCAN_CAL_IRQn=true\:0\:0\:false\:false\:true\:true\:true
NVIC.FLASH_IRQn=true\:0\:0\:false\:false\:true\:true\:true
NVIC.FPU_IRQn=true\:0\:0\:false\:false\:true\:true\:false
NVIC.HASH_RNG_IRQn=true\:0\:0\:false\:false\:true\:true\:true
NVIC.HSEM1_IRQn=true\:0\:0\:false\:false\:true\:true\:true
NVIC.HardFault_IRQn=true\:0\:0\:false\:false\:true\:false\:false
NVIC.I2C4_ER_IRQn=true\:0\:0\:false\:false\:true\:true\:true
NVIC.I2C4_EV_IRQn=true\:0\:0\:false\:false\:true\:true\:true
NVIC.MemoryManagement_IRQn=true\:0\:0\:false\:false\:true\:false\:false
NVIC.NonMaskableInt_IRQn=true\:0\:0\:false\:false\:true\:false\:false
NVIC.OTG_HS_EP1_IN_IRQn=true\:0\:0\:false\:false\:true\:true\:true
NVIC.OTG_HS_EP1_OUT_IRQn=true\:0\:0\:false\:false\:true\:true\:true
NVIC.OTG_HS_IRQn=true\:0\:0\:false\:false\:true\:true\:true
NVIC.PVD_AVD_IRQn=true\:0\:0\:false\:false\:true\:true\:true
NVIC.PendSV_IRQn=true\:0\:0\:false\:false\:true\:false\:false
NVIC.PriorityGroup=NVIC_PRIORITYGROUP_4
NVIC.QUADSPI_IRQn=true\:0\:0\:false\:false\:true\:true\:true
NVIC.RCC_IRQn=true\:0\:0\:false\:false\:true\:true\:false
NVIC.SDMMC1_IRQn=true\:0\:0\:false\:false\:true\:true\:true
NVIC.SPI1_IRQn=true\:0\:0\:false\:false\:true\:true\:true
NVIC.SPI4_IRQn=true\:0\:0\:false\:false\:true\:true\:true
NVIC.SVCall_IRQn=true\:0\:0\:false\:false\:true\:false\:false
NVIC.SysTick_IRQn=true\:0\:0\:false\:false\:true\:false\:true
NVIC.TIM15_IRQn=true\:0\:0\:false\:false\:true\:true\:true
NVIC.TIM16_IRQn=true\:0\:0\:false\:false\:true\:true\:true
NVIC.TIM17_IRQn=true\:0\:0\:false\:false\:true\:true\:true
NVIC.TIM1_BRK_IRQn=true\:0\:0\:false\:false\:true\:true\:true
NVIC.TIM1_CC_IRQn=true\:0\:0\:false\:false\:true\:true\:true
NVIC.TIM1_TRG_COM_IRQn=true\:0\:0\:false\:false\:true\:true\:true
NVIC.TIM1_UP_IRQn=true\:0\:0\:false\:false\:true\:true\:true
NVIC.TIM2_IRQn=true\:0\:0\:false\:false\:true\:true\:true
NVIC.TIM3_IRQn=true\:0\:0\:false\:false\:true\:true\:true
NVIC.TIM4_IRQn=true\:0\:0\:false\:false\:true\:true\:true
NVIC.TIM5_IRQn=true\:0\:0\:false\:false\:true\:true\:true
NVIC.TIM6_DAC_IRQn=true\:0\:0\:false\:false\:true\:true\:true
NVIC.TIM7_IRQn=true\:0\:0\:false\:false\:true\:true\:true
NVIC.TIM8_BRK_TIM12_IRQn=true\:0\:0\:false\:false\:true\:true\:true
NVIC.TIM8_CC_IRQn=true\:0\:0\:false\:false\:true\:true\:true
NVIC.TIM8_TRG_COM_TIM14_IRQn=true\:0\:0\:false\:false\:true\:true\:true
NVIC.TIM8_UP_TIM13_IRQn=true\:0\:0\:false\:false\:true\:true\:true
NVIC.UART7_IRQn=true\:0\:0\:false\:false\:true\:true\:true
NVIC.USART2_IRQn=true\:0\:0\:false\:false\:true\:true\:true
NVIC.UsageFault_IRQn=true\:0\:0\:false\:false\:true\:false\:false
PA0.GPIOParameters=GPIO_Label
PA0.GPIO_Label=INTRN1
PA0.Locked=true
PA0.Signal=GPXTI0
PA1.GPIOParameters=GPIO_Label
PA1.GPIO_Label=ETH_RCLK
PA1.Mode=RMII
PA1.Signal=ETH_REF_CLK
PA10.GPIOParameters=GPIO_Label
PA10.GPIO_Label=LED_RS2_OK
PA10.Locked=true
PA10.Signal=GPIO_Output
PA11.GPIOParameters=GPIO_Label
PA11.GPIO_Label=LED_RS2_ERR
PA11.Locked=true
PA11.Signal=GPIO_Output
PA12.GPIOParameters=GPIO_Label
PA12.GPIO_Label=VBUS_IN
PA12.Locked=true
PA12.Signal=GPIO_Input
PA13\ (JTMS/SWDIO).Locked=true
PA13\ (JTMS/SWDIO).Mode=JTAG_5_pins
PA13\ (JTMS/SWDIO).Signal=SYS_JTMS-SWDIO
PA14\ (JTCK/SWCLK).Locked=true
PA14\ (JTCK/SWCLK).Mode=JTAG_5_pins
PA14\ (JTCK/SWCLK).Signal=SYS_JTCK-SWCLK
PA15\ (JTDI).Locked=true
PA15\ (JTDI).Mode=JTAG_5_pins
PA15\ (JTDI).Signal=SYS_JTDI
PA2.Mode=RMII
PA2.Signal=ETH_MDIO
PA3.GPIOParameters=GPIO_Label
PA3.GPIO_Label=PME1
PA3.Locked=true
PA3.Signal=GPXTI3
PA4.Locked=true
PA4.Mode=NSS_Signal_Hard_Output
PA4.Signal=SPI1_NSS
PA5.Mode=Full_Duplex_Master
PA5.Signal=SPI1_SCK
PA6.Mode=Full_Duplex_Master
PA6.Signal=SPI1_MISO
PA7.GPIOParameters=GPIO_Label
PA7.GPIO_Label=ETH_CRS
PA7.Mode=RMII
PA7.Signal=ETH_CRS_DV
PA8.GPIOParameters=GPIO_Label
PA8.GPIO_Label=LED_RS1_OK
PA8.Locked=true
PA8.Signal=GPIO_Output
PA9.GPIOParameters=GPIO_Label
PA9.GPIO_Label=LED_RS1_ERR
PA9.Locked=true
PA9.Signal=GPIO_Output
PB10.GPIOParameters=GPIO_Label
PB10.GPIO_Label=QSPI_NCS
PB10.Mode=Single Bank 1
PB10.Signal=QUADSPI_BK1_NCS
PB11.GPIOParameters=GPIO_Label
PB11.GPIO_Label=ETH_TXEN
PB11.Mode=RMII
PB11.Signal=ETH_TX_EN
PB12.Mode=RMII
PB12.Signal=ETH_TXD0
PB13.Mode=RMII
PB13.Signal=ETH_TXD1
PB14.GPIOParameters=GPIO_Label
PB14.GPIO_Label=HS_N
PB14.Locked=true
PB14.Mode=Host_FS
PB14.Signal=USB_OTG_HS_DM
PB15.GPIOParameters=GPIO_Label
PB15.GPIO_Label=HS_P
PB15.Locked=true
PB15.Mode=Host_FS
PB15.Signal=USB_OTG_HS_DP
PB2.GPIOParameters=GPIO_Label
PB2.GPIO_Label=QSPI_CLK
PB2.Mode=Single Bank 1
PB2.Signal=QUADSPI_CLK
PB3\ (JTDO/TRACESWO).Mode=JTAG_5_pins
PB3\ (JTDO/TRACESWO).Signal=SYS_JTDO-SWO
PB4\ (NJTRST).Locked=true
PB4\ (NJTRST).Mode=JTAG_5_pins
PB4\ (NJTRST).Signal=SYS_JTRST
PB5.GPIOParameters=GPIO_Label
PB5.GPIO_Label=CAN2_RX
PB5.Locked=true
PB5.Mode=FDCANSlave
PB5.Signal=FDCAN2_RX
PB6.GPIOParameters=GPIO_Label
PB6.GPIO_Label=CAN2_TX
PB6.Locked=true
PB6.Mode=FDCANSlave
PB6.Signal=FDCAN2_TX
PB7.Locked=true
PB7.Mode=SMBus-Alert-mode
PB7.Signal=I2C4_SDA
PB8.Locked=true
PB8.Mode=SMBus-Alert-mode
PB8.Signal=I2C4_SCL
PB9.Locked=true
PB9.Mode=SMBus-Alert-mode
PB9.Signal=I2C4_SMBA
PC0.GPIOParameters=GPIO_Label
PC0.GPIO_Label=LED_RUN
PC0.Locked=true
PC0.Signal=GPIO_Output
PC1.GPIOParameters=GPIO_Label
PC1.GPIO_Label=MDC
PC1.Locked=true
PC1.Mode=RMII
PC1.Signal=ETH_MDC
PC10.GPIOParameters=GPIO_Label
PC10.GPIO_Label=SD_D2
PC10.Mode=SD_4_bits_Wide_bus
PC10.Signal=SDMMC1_D2
PC11.GPIOParameters=GPIO_Label
PC11.GPIO_Label=SD_D3
PC11.Mode=SD_4_bits_Wide_bus
PC11.Signal=SDMMC1_D3
PC12.GPIOParameters=GPIO_Label
PC12.GPIO_Label=SD_CK
PC12.Mode=SD_4_bits_Wide_bus
PC12.Signal=SDMMC1_CK
PC4.Mode=RMII
PC4.Signal=ETH_RXD0
PC5.Mode=RMII
PC5.Signal=ETH_RXD1
PC6.GPIOParameters=GPIO_Label
PC6.GPIO_Label=LED_CAN1_OK
PC6.Locked=true
PC6.Signal=GPIO_Output
PC7.GPIOParameters=GPIO_Label
PC7.GPIO_Label=LED_CAN2_OK
PC7.Locked=true
PC7.Signal=GPIO_Output
PC8.GPIOParameters=GPIO_Label
PC8.GPIO_Label=SD_D0
PC8.Locked=true
PC8.Mode=SD_4_bits_Wide_bus
PC8.Signal=SDMMC1_D0
PC9.GPIOParameters=GPIO_Label
PC9.GPIO_Label=SD_D1
PC9.Locked=true
PC9.Mode=SD_4_bits_Wide_bus
PC9.Signal=SDMMC1_D1
PCC.Checker=false
PCC.Line=STM32H743/753
PCC.MCU=STM32H753VITx
PCC.PartNumber=STM32H753VITx
PCC.Seq0=0
PCC.Series=STM32H7
PCC.Temperature=25
PCC.Vdd=3.0
PD0.GPIOParameters=GPIO_Label
PD0.GPIO_Label=CAN1_RX
PD0.Locked=true
PD0.Mode=FDCANMaster
PD0.Signal=FDCAN1_RX
PD1.GPIOParameters=GPIO_Label
PD1.GPIO_Label=CAN1_TX
PD1.Locked=true
PD1.Mode=FDCANMaster
PD1.Signal=FDCAN1_TX
PD10.GPIOParameters=GPIO_Label
PD10.GPIO_Label=SW1
PD10.Locked=true
PD10.Signal=GPIO_Input
PD11.GPIOParameters=GPIO_Label
PD11.GPIO_Label=QSPI_IO0
PD11.Mode=Single Bank 1
PD11.Signal=QUADSPI_BK1_IO0
PD12.GPIOParameters=GPIO_Label
PD12.GPIO_Label=QSPI_IO1
PD12.Mode=Single Bank 1
PD12.Signal=QUADSPI_BK1_IO1
PD13.GPIOParameters=GPIO_Label
PD13.GPIO_Label=QSPI_IO3
PD13.Mode=Single Bank 1
PD13.Signal=QUADSPI_BK1_IO3
PD14.GPIOParameters=GPIO_Label
PD14.GPIO_Label=SW2
PD14.Locked=true
PD14.Signal=GPIO_Input
PD15.GPIOParameters=GPIO_Label
PD15.GPIO_Label=SW3
PD15.Locked=true
PD15.Signal=GPIO_Input
PD2.GPIOParameters=GPIO_Label
PD2.GPIO_Label=SD_CMD
PD2.Mode=SD_4_bits_Wide_bus
PD2.Signal=SDMMC1_CMD
PD3.GPIOParameters=GPIO_Label
PD3.GPIO_Label=SW4
PD3.Locked=true
PD3.Signal=GPIO_Input
PD4.GPIOParameters=GPIO_Label
PD4.GPIO_Label=USART2_TXE
PD4.Locked=true
PD4.Mode=RTS_Only
PD4.Signal=USART2_RTS
PD5.Locked=true
PD5.Mode=Asynchronous
PD5.Signal=USART2_TX
PD6.Locked=true
PD6.Mode=Asynchronous
PD6.Signal=USART2_RX
PD7.Mode=Full_Duplex_Master
PD7.Signal=SPI1_MOSI
PD8.GPIOParameters=GPIO_Label
PD8.GPIO_Label=PME2
PD8.Locked=true
PD8.Signal=GPXTI8
PD9.GPIOParameters=GPIO_Label
PD9.GPIO_Label=INTRN2
PD9.Locked=true
PD9.Signal=GPXTI9
PE0.GPIOParameters=PinState,GPIO_Label
PE0.GPIO_Label=CAN2_EN
PE0.Locked=true
PE0.PinState=GPIO_PIN_SET
PE0.Signal=GPIO_Output
PE1.GPIOParameters=PinState,GPIO_Label
PE1.GPIO_Label=CAN1_EN
PE1.Locked=true
PE1.PinState=GPIO_PIN_SET
PE1.Signal=GPIO_Output
PE11.Locked=true
PE11.Mode=NSS_Signal_Hard_Output
PE11.Signal=SPI4_NSS
PE12.Mode=Full_Duplex_Master
PE12.Signal=SPI4_SCK
PE13.Mode=Full_Duplex_Master
PE13.Signal=SPI4_MISO
PE14.Mode=Full_Duplex_Master
PE14.Signal=SPI4_MOSI
PE2.GPIOParameters=GPIO_Label
PE2.GPIO_Label=QSPI_IO2
PE2.Locked=true
PE2.Mode=Single Bank 1
PE2.Signal=QUADSPI_BK1_IO2
PE3.GPIOParameters=GPIO_PuPd,GPIO_Label
PE3.GPIO_Label=S1_1
PE3.GPIO_PuPd=GPIO_PULLUP
PE3.Locked=true
PE3.Signal=GPIO_Input
PE4.GPIOParameters=GPIO_PuPd,GPIO_Label
PE4.GPIO_Label=S1_2
PE4.GPIO_PuPd=GPIO_PULLUP
PE4.Locked=true
PE4.Signal=GPIO_Input
PE5.GPIOParameters=GPIO_PuPd,GPIO_Label
PE5.GPIO_Label=S1_3
PE5.GPIO_PuPd=GPIO_PULLUP
PE5.Locked=true
PE5.Signal=GPIO_Input
PE6.GPIOParameters=GPIO_PuPd,GPIO_Label
PE6.GPIO_Label=S1_4
PE6.GPIO_PuPd=GPIO_PULLUP
PE6.Locked=true
PE6.Signal=GPIO_Input
PE7.Locked=true
PE7.Mode=Asynchronous
PE7.Signal=UART7_RX
PE8.Locked=true
PE8.Mode=Asynchronous
PE8.Signal=UART7_TX
PE9.GPIOParameters=GPIO_Label
PE9.GPIO_Label=UART7_TXE
PE9.Locked=true
PE9.Mode=RTS_Only
PE9.Signal=UART7_RTS
PH0-OSC_IN\ (PH0).Mode=HSE-External-Oscillator
PH0-OSC_IN\ (PH0).Signal=RCC_OSC_IN
PH1-OSC_OUT\ (PH1).Mode=HSE-External-Oscillator
PH1-OSC_OUT\ (PH1).Signal=RCC_OSC_OUT
PinOutPanel.RotationAngle=0
ProjectManager.AskForMigrate=true
ProjectManager.BackupPrevious=false
ProjectManager.CompilerOptimize=6
ProjectManager.ComputerToolchain=false
ProjectManager.CoupleFile=true
ProjectManager.CustomerFirmwarePackage=
ProjectManager.DefaultFWLocation=true
ProjectManager.DeletePrevious=true
ProjectManager.DeviceId=STM32H753VITx
ProjectManager.FirmwarePackage=STM32Cube FW_H7 V1.3.2
ProjectManager.FreePins=true
ProjectManager.HalAssertFull=true
ProjectManager.HeapSize=0x1000
ProjectManager.KeepUserCode=true
ProjectManager.LastFirmware=true
ProjectManager.LibraryCopy=0
ProjectManager.MainLocation=Src
ProjectManager.NoMain=false
ProjectManager.PreviousToolchain=
ProjectManager.ProjectBuild=false
ProjectManager.ProjectFileName=DI_001_KSZ8851SNL_no_LwIP_cs2b_gh.ioc
ProjectManager.ProjectName=DI_001_KSZ8851SNL_no_LwIP_cs2b_gh
ProjectManager.StackSize=0x1000
ProjectManager.TargetToolchain=TrueSTUDIO
ProjectManager.ToolChainLocation=
ProjectManager.UnderRoot=false
ProjectManager.functionlistsort=1-MX_GPIO_Init-GPIO-false-HAL-true,2-MX_DMA_Init-DMA-false-HAL-true,3-SystemClock_Config-RCC-false-HAL-false,4-MX_CORTEX_M7_Init-CORTEX_M7-false-HAL-true,5-MX_QUADSPI_Init-QUADSPI-false-HAL-true,6-MX_IWDG1_Init-IWDG1-false-HAL-true,7-MX_SPI1_Init-SPI1-false-HAL-true,8-MX_UART7_Init-UART7-false-HAL-true,9-MX_SPI4_Init-SPI4-false-HAL-true,10-MX_SDMMC1_SD_Init-SDMMC1-false-HAL-true,11-MX_FDCAN1_Init-FDCAN1-false-HAL-true,12-MX_USART2_UART_Init-USART2-false-HAL-true,13-MX_FDCAN2_Init-FDCAN2-false-HAL-true,14-MX_I2C4_SMBUS_Init-I2C4-false-HAL-true,15-MX_RTC_Init-RTC-false-HAL-true,16-MX_TIM1_Init-TIM1-false-HAL-true,17-MX_TIM2_Init-TIM2-false-HAL-true,18-MX_TIM3_Init-TIM3-false-HAL-true,19-MX_TIM4_Init-TIM4-false-HAL-true,20-MX_TIM5_Init-TIM5-false-HAL-true,21-MX_TIM6_Init-TIM6-false-HAL-true,22-MX_TIM7_Init-TIM7-false-HAL-true,23-MX_TIM8_Init-TIM8-false-HAL-true,24-MX_TIM13_Init-TIM13-false-HAL-true,25-MX_TIM14_Init-TIM14-false-HAL-true,26-MX_TIM16_Init-TIM16-false-HAL-true,27-MX_TIM17_Init-TIM17-false-HAL-true,28-MX_TIM12_Init-TIM12-false-HAL-true,29-MX_TIM15_Init-TIM15-false-HAL-true,30-MX_CRYP_Init-CRYP-false-HAL-true,31-MX_HASH_Init-HASH-false-HAL-true,32-MX_RNG_Init-RNG-false-HAL-true,33-MX_CRC_Init-CRC-false-HAL-true,34-MX_FATFS_Init-FATFS-false-HAL-true,35-MX_LWIP_Init-LWIP-false-HAL-true,36-MX_USB_HOST_Init-USB_HOST-false-HAL-true
RCC.ADCFreq_Value=400000000
RCC.AHB12Freq_Value=200000000
RCC.AHB4Freq_Value=200000000
RCC.APB1Freq_Value=100000000
RCC.APB2Freq_Value=100000000
RCC.APB3Freq_Value=100000000
RCC.APB4Freq_Value=100000000
RCC.AXIClockFreq_Value=200000000
RCC.CECFreq_Value=32000
RCC.CKPERFreq_Value=64000000
RCC.CPU2Freq_Value=200000000
RCC.CPU2SystikFreq_Value=200000000
RCC.CortexFreq_Value=400000000
RCC.CpuClockFreq_Value=400000000
RCC.D1CPREFreq_Value=400000000
RCC.D1PPRE=RCC_APB3_DIV2
RCC.D2PPRE1=RCC_APB1_DIV2
RCC.D2PPRE2=RCC_APB2_DIV2
RCC.D3PPRE=RCC_APB4_DIV2
RCC.DFSDMACLkFreq_Value=200000000
RCC.DFSDMFreq_Value=100000000
RCC.DIVM1=4
RCC.DIVM2=4
RCC.DIVM3=4
RCC.DIVN1=128
RCC.DIVN2=128
RCC.DIVN3=128
RCC.DIVP1Freq_Value=400000000
RCC.DIVP2Freq_Value=400000000
RCC.DIVP3Freq_Value=400000000
RCC.DIVQ1=4
RCC.DIVQ1Freq_Value=200000000
RCC.DIVQ2Freq_Value=400000000
RCC.DIVQ3Freq_Value=400000000
RCC.DIVR1Freq_Value=400000000
RCC.DIVR2Freq_Value=400000000
RCC.DIVR3Freq_Value=400000000
RCC.FDCANFreq_Value=200000000
RCC.FMCFreq_Value=200000000
RCC.FamilyName=M
RCC.HCLK3ClockFreq_Value=200000000
RCC.HCLKFreq_Value=200000000
RCC.HPRE=RCC_HCLK_DIV2
RCC.HRTIMFreq_Value=200000000
RCC.I2C123Freq_Value=100000000
RCC.I2C4Freq_Value=100000000
RCC.IPParameters=ADCFreq_Value,AHB12Freq_Value,AHB4Freq_Value,APB1Freq_Value,APB2Freq_Value,APB3Freq_Value,APB4Freq_Value,AXIClockFreq_Value,CECFreq_Value,CKPERFreq_Value,CPU2Freq_Value,CPU2SystikFreq_Value,CortexFreq_Value,CpuClockFreq_Value,D1CPREFreq_Value,D1PPRE,D2PPRE1,D2PPRE2,D3PPRE,DFSDMACLkFreq_Value,DFSDMFreq_Value,DIVM1,DIVM2,DIVM3,DIVN1,DIVN2,DIVN3,DIVP1Freq_Value,DIVP2Freq_Value,DIVP3Freq_Value,DIVQ1,DIVQ1Freq_Value,DIVQ2Freq_Value,DIVQ3Freq_Value,DIVR1Freq_Value,DIVR2Freq_Value,DIVR3Freq_Value,FDCANFreq_Value,FMCFreq_Value,FamilyName,HCLK3ClockFreq_Value,HCLKFreq_Value,HPRE,HRTIMFreq_Value,I2C123Freq_Value,I2C4Freq_Value,LPTIM1Freq_Value,LPTIM2Freq_Value,LPTIM345Freq_Value,LPUART1Freq_Value,LTDCFreq_Value,MCO1PinFreq_Value,MCO2PinFreq_Value,PLLSourceVirtual,PWR_Regulator_Voltage_Scale,QSPIFreq_Value,RNGFreq_Value,RTCFreq_Value,SAI1Freq_Value,SAI23Freq_Value,SAI4AFreq_Value,SAI4BFreq_Value,SDMMCFreq_Value,SPDIFRXFreq_Value,SPI123Freq_Value,SPI45Freq_Value,SPI6Freq_Value,SWPMI1Freq_Value,SYSCLKFreq_VALUE,SYSCLKSource,Tim1OutputFreq_Value,Tim2OutputFreq_Value,TraceFreq_Value,USART16Freq_Value,USART234578Freq_Value,USBCLockSelection,USBFreq_Value,VCO1OutputFreq_Value,VCO2OutputFreq_Value,VCO3OutputFreq_Value,VCOInput1Freq_Value,VCOInput2Freq_Value,VCOInput3Freq_Value
RCC.LPTIM1Freq_Value=100000000
RCC.LPTIM2Freq_Value=100000000
RCC.LPTIM345Freq_Value=100000000
RCC.LPUART1Freq_Value=100000000
RCC.LTDCFreq_Value=400000000
RCC.MCO1PinFreq_Value=64000000
RCC.MCO2PinFreq_Value=400000000
RCC.PLLSourceVirtual=RCC_PLLSOURCE_HSE
RCC.PWR_Regulator_Voltage_Scale=PWR_REGULATOR_VOLTAGE_SCALE1
RCC.QSPIFreq_Value=200000000
RCC.RNGFreq_Value=48000000
RCC.RTCFreq_Value=32000
RCC.SAI1Freq_Value=200000000
RCC.SAI23Freq_Value=200000000
RCC.SAI4AFreq_Value=200000000
RCC.SAI4BFreq_Value=200000000
RCC.SDMMCFreq_Value=200000000
RCC.SPDIFRXFreq_Value=200000000
RCC.SPI123Freq_Value=200000000
RCC.SPI45Freq_Value=100000000
RCC.SPI6Freq_Value=100000000
RCC.SWPMI1Freq_Value=100000000
RCC.SYSCLKFreq_VALUE=400000000
RCC.SYSCLKSource=RCC_SYSCLKSOURCE_PLLCLK
RCC.Tim1OutputFreq_Value=200000000
RCC.Tim2OutputFreq_Value=200000000
RCC.TraceFreq_Value=400000000
RCC.USART16Freq_Value=100000000
RCC.USART234578Freq_Value=100000000
RCC.USBCLockSelection=RCC_USBCLKSOURCE_HSI48
RCC.USBFreq_Value=48000000
RCC.VCO1OutputFreq_Value=800000000
RCC.VCO2OutputFreq_Value=800000000
RCC.VCO3OutputFreq_Value=800000000
RCC.VCOInput1Freq_Value=6250000
RCC.VCOInput2Freq_Value=6250000
RCC.VCOInput3Freq_Value=6250000
SH.GPXTI0.0=GPIO_EXTI0
SH.GPXTI0.ConfNb=1
SH.GPXTI3.0=GPIO_EXTI3
SH.GPXTI3.ConfNb=1
SH.GPXTI8.0=GPIO_EXTI8
SH.GPXTI8.ConfNb=1
SH.GPXTI9.0=GPIO_EXTI9
SH.GPXTI9.ConfNb=1
SPI1.BaudRatePrescaler=SPI_BAUDRATEPRESCALER_16
SPI1.CLKPhase=SPI_PHASE_2EDGE
SPI1.CalculateBaudRate=12.5 MBits/s
SPI1.DataSize=SPI_DATASIZE_8BIT
SPI1.Direction=SPI_DIRECTION_2LINES
SPI1.IPParameters=VirtualType,Mode,Direction,BaudRatePrescaler,CalculateBaudRate,VirtualNSS,DataSize,CLKPhase
SPI1.Mode=SPI_MODE_MASTER
SPI1.VirtualNSS=VM_NSSHARD
SPI1.VirtualType=VM_MASTER
SPI4.BaudRatePrescaler=SPI_BAUDRATEPRESCALER_8
SPI4.CLKPhase=SPI_PHASE_2EDGE
SPI4.CalculateBaudRate=12.5 MBits/s
SPI4.DataSize=SPI_DATASIZE_8BIT
SPI4.Direction=SPI_DIRECTION_2LINES
SPI4.IPParameters=VirtualType,Mode,Direction,CalculateBaudRate,VirtualNSS,DataSize,BaudRatePrescaler,CLKPhase
SPI4.Mode=SPI_MODE_MASTER
SPI4.VirtualNSS=VM_NSSHARD
SPI4.VirtualType=VM_MASTER
USART2.IPParameters=VirtualMode-Asynchronous
USART2.VirtualMode-Asynchronous=VM_ASYNC
USB_HOST.IPParameters=USBH_HandleTypeDef-ALL_Classes_HS,VirtualModeHS
USB_HOST.USBH_HandleTypeDef-ALL_Classes_HS=hUsbHostHS
USB_HOST.VirtualModeHS=All_Classes
USB_OTG_HS.IPParameters=VirtualMode-Host_FS
USB_OTG_HS.VirtualMode-Host_FS=Host_FS
VP_CRC_VS_CRC.Mode=CRC_Activate
VP_CRC_VS_CRC.Signal=CRC_VS_CRC
VP_CRYP_VS_CRYP.Mode=CRYP_Activate
VP_CRYP_VS_CRYP.Signal=CRYP_VS_CRYP
VP_FATFS_VS_SDIO.Mode=SDIO
VP_FATFS_VS_SDIO.Signal=FATFS_VS_SDIO
VP_HASH_VS_HASH.Mode=HASH_Activate
VP_HASH_VS_HASH.Signal=HASH_VS_HASH
VP_IWDG1_VS_IWDG.Mode=IWDG_Activate
VP_IWDG1_VS_IWDG.Signal=IWDG1_VS_IWDG
VP_LWIP_VS_Enabled.Mode=Enabled
VP_LWIP_VS_Enabled.Signal=LWIP_VS_Enabled
VP_RNG_VS_RNG.Mode=RNG_Activate
VP_RNG_VS_RNG.Signal=RNG_VS_RNG
VP_RTC_VS_RTC_Activate.Mode=RTC_Enabled
VP_RTC_VS_RTC_Activate.Signal=RTC_VS_RTC_Activate
VP_SYS_VS_Systick.Mode=SysTick
VP_SYS_VS_Systick.Signal=SYS_VS_Systick
VP_TIM12_VS_ClockSourceINT.Mode=Internal
VP_TIM12_VS_ClockSourceINT.Signal=TIM12_VS_ClockSourceINT
VP_TIM13_VS_ClockSourceINT.Mode=Enable_Timer
VP_TIM13_VS_ClockSourceINT.Signal=TIM13_VS_ClockSourceINT
VP_TIM14_VS_ClockSourceINT.Mode=Enable_Timer
VP_TIM14_VS_ClockSourceINT.Signal=TIM14_VS_ClockSourceINT
VP_TIM15_VS_ClockSourceINT.Mode=Internal
VP_TIM15_VS_ClockSourceINT.Signal=TIM15_VS_ClockSourceINT
VP_TIM16_VS_ClockSourceINT.Mode=Enable_Timer
VP_TIM16_VS_ClockSourceINT.Signal=TIM16_VS_ClockSourceINT
VP_TIM17_VS_ClockSourceINT.Mode=Enable_Timer
VP_TIM17_VS_ClockSourceINT.Signal=TIM17_VS_ClockSourceINT
VP_TIM1_VS_ClockSourceINT.Mode=Internal
VP_TIM1_VS_ClockSourceINT.Signal=TIM1_VS_ClockSourceINT
VP_TIM2_VS_ClockSourceINT.Mode=Internal
VP_TIM2_VS_ClockSourceINT.Signal=TIM2_VS_ClockSourceINT
VP_TIM3_VS_ClockSourceINT.Mode=Internal
VP_TIM3_VS_ClockSourceINT.Signal=TIM3_VS_ClockSourceINT
VP_TIM4_VS_ClockSourceINT.Mode=Internal
VP_TIM4_VS_ClockSourceINT.Signal=TIM4_VS_ClockSourceINT
VP_TIM5_VS_ClockSourceINT.Mode=Internal
VP_TIM5_VS_ClockSourceINT.Signal=TIM5_VS_ClockSourceINT
VP_TIM6_VS_ClockSourceINT.Mode=Enable_Timer
VP_TIM6_VS_ClockSourceINT.Signal=TIM6_VS_ClockSourceINT
VP_TIM7_VS_ClockSourceINT.Mode=Enable_Timer
VP_TIM7_VS_ClockSourceINT.Signal=TIM7_VS_ClockSourceINT
VP_TIM8_VS_ClockSourceINT.Mode=Internal
VP_TIM8_VS_ClockSourceINT.Signal=TIM8_VS_ClockSourceINT
VP_USB_HOST_VS_USB_HOST_ALL_CLASS_HS.Mode=ALL_Classes_HS
VP_USB_HOST_VS_USB_HOST_ALL_CLASS_HS.Signal=USB_HOST_VS_USB_HOST_ALL_CLASS_HS
board=custom
